
Microsoft Visual Studio Solution File, Format Version 11.00
# Visual Studio 2010
Project("{FAE04EC0-301F-11D3-BF4B-00C04F79EFBC}") = "Bhaptics.SDK2", "Bhaptics.SDK2.csproj", "{61d14d94-0616-70a7-13e0-283632844c03}"
EndProject
Project("{FAE04EC0-301F-11D3-BF4B-00C04F79EFBC}") = "Unity.XR.Interaction.Toolkit.Samples.Hands.Editor", "Unity.XR.Interaction.Toolkit.Samples.Hands.Editor.csproj", "{4c7f493f-c5c2-ff3f-81ce-f0ab85f62c45}"
EndProject
Project("{FAE04EC0-301F-11D3-BF4B-00C04F79EFBC}") = "Bhaptics.SDK2.Editor", "Bhaptics.SDK2.Editor.csproj", "{f33c0334-f5a0-744a-948b-4f743a8e0157}"
EndProject
Project("{FAE04EC0-301F-11D3-BF4B-00C04F79EFBC}") = "Unity.XR.Interaction.Toolkit.Samples.StarterAssets", "Unity.XR.Interaction.Toolkit.Samples.StarterAssets.csproj", "{691b3af4-8bc2-421b-2141-846bfc78e425}"
EndProject
Project("{FAE04EC0-301F-11D3-BF4B-00C04F79EFBC}") = "Unity.XR.Interaction.Toolkit.Samples.Hands", "Unity.XR.Interaction.Toolkit.Samples.Hands.csproj", "{2f937946-1e22-5e25-01c2-8b24b0012b9e}"
EndProject
Project("{FAE04EC0-301F-11D3-BF4B-00C04F79EFBC}") = "Unity.XR.Interaction.Toolkit.Samples.DeviceSimulator", "Unity.XR.Interaction.Toolkit.Samples.DeviceSimulator.csproj", "{3d4cdcc2-152e-7a28-f207-ac06280252f6}"
EndProject
Project("{FAE04EC0-301F-11D3-BF4B-00C04F79EFBC}") = "Unity.XR.Hands.Samples.VisualizerSample", "Unity.XR.Hands.Samples.VisualizerSample.csproj", "{6609bbc8-71e7-fd1b-0ece-c67b931fe524}"
EndProject
Project("{FAE04EC0-301F-11D3-BF4B-00C04F79EFBC}") = "Assembly-CSharp", "Assembly-CSharp.csproj", "{1318a831-4407-524b-a0a5-c35fd3884535}"
EndProject
Project("{FAE04EC0-301F-11D3-BF4B-00C04F79EFBC}") = "Unity.XR.Interaction.Toolkit.Samples.StarterAssets.Editor", "Unity.XR.Interaction.Toolkit.Samples.StarterAssets.Editor.csproj", "{5b31f6e1-0bf0-f925-01ad-b732bcda50ee}"
EndProject
Global
	GlobalSection(SolutionConfigurationPlatforms) = preSolution
		Debug|Any CPU = Debug|Any CPU
	EndGlobalSection
	GlobalSection(ProjectConfigurationPlatforms) = postSolution
		{61d14d94-0616-70a7-13e0-283632844c03}.Debug|Any CPU.ActiveCfg = Debug|Any CPU
		{61d14d94-0616-70a7-13e0-283632844c03}.Debug|Any CPU.Build.0 = Debug|Any CPU
		{4c7f493f-c5c2-ff3f-81ce-f0ab85f62c45}.Debug|Any CPU.ActiveCfg = Debug|Any CPU
		{4c7f493f-c5c2-ff3f-81ce-f0ab85f62c45}.Debug|Any CPU.Build.0 = Debug|Any CPU
		{f33c0334-f5a0-744a-948b-4f743a8e0157}.Debug|Any CPU.ActiveCfg = Debug|Any CPU
		{f33c0334-f5a0-744a-948b-4f743a8e0157}.Debug|Any CPU.Build.0 = Debug|Any CPU
		{691b3af4-8bc2-421b-2141-846bfc78e425}.Debug|Any CPU.ActiveCfg = Debug|Any CPU
		{691b3af4-8bc2-421b-2141-846bfc78e425}.Debug|Any CPU.Build.0 = Debug|Any CPU
		{2f937946-1e22-5e25-01c2-8b24b0012b9e}.Debug|Any CPU.ActiveCfg = Debug|Any CPU
		{2f937946-1e22-5e25-01c2-8b24b0012b9e}.Debug|Any CPU.Build.0 = Debug|Any CPU
		{3d4cdcc2-152e-7a28-f207-ac06280252f6}.Debug|Any CPU.ActiveCfg = Debug|Any CPU
		{3d4cdcc2-152e-7a28-f207-ac06280252f6}.Debug|Any CPU.Build.0 = Debug|Any CPU
		{6609bbc8-71e7-fd1b-0ece-c67b931fe524}.Debug|Any CPU.ActiveCfg = Debug|Any CPU
		{6609bbc8-71e7-fd1b-0ece-c67b931fe524}.Debug|Any CPU.Build.0 = Debug|Any CPU
		{1318a831-4407-524b-a0a5-c35fd3884535}.Debug|Any CPU.ActiveCfg = Debug|Any CPU
		{1318a831-4407-524b-a0a5-c35fd3884535}.Debug|Any CPU.Build.0 = Debug|Any CPU
		{5b31f6e1-0bf0-f925-01ad-b732bcda50ee}.Debug|Any CPU.ActiveCfg = Debug|Any CPU
		{5b31f6e1-0bf0-f925-01ad-b732bcda50ee}.Debug|Any CPU.Build.0 = Debug|Any CPU
	EndGlobalSection
	GlobalSection(SolutionProperties) = preSolution
		HideSolutionNode = FALSE
	EndGlobalSection
EndGlobal
